PODS:
  - BackLogger (1.0.0):
    - BackLogger/Core (= 1.0.0)
  - BackLogger/Core (1.0.0):
    - SQLite.swift
    - SwiftDate
  - BackLogger/UI (1.0.0):
    - BackLogger/Core
  - SQLite.swift (0.11.3):
    - SQLite.swift/standard (= 0.11.3)
  - SQLite.swift/standard (0.11.3)
  - SwiftDate (4.1.1)

DEPENDENCIES:
  - BackLogger (from `.`)
  - BackLogger/UI (from `.`)

EXTERNAL SOURCES:
  BackLogger:
    :path: "."

SPEC CHECKSUMS:
  BackLogger: 75e1a0ea33e6a1ae9fe7689f8759e0c12127384d
  SQLite.swift: 99b36c22084427f0abbeb957556ce1528cf10bb3
  SwiftDate: ae615078806a322183e5f64e02e80ca8d939bf48

PODFILE CHECKSUM: c5c76d23498013ca2a3fd9b875c909ffc8ebad9b

COCOAPODS: 1.2.1
