// !$*UTF8*$!
{
	archiveVersion = 1;
	classes = {
	};
	objectVersion = 46;
	objects = {

/* Begin PBXBuildFile section */
		3B90ED72EBC16F20C685C9D6 /* Pods_BackLoggerExample.framework in Frameworks */ = {isa = PBXBuildFile; fileRef = 0176899F1F44F96B1FF4A5D7 /* Pods_BackLoggerExample.framework */; };
		B9F14B571EBE79540099F37D /* AppDelegate.swift in Sources */ = {isa = PBXBuildFile; fileRef = B9F14B561EBE79540099F37D /* AppDelegate.swift */; };
		B9F14B591EBE79540099F37D /* ViewController.swift in Sources */ = {isa = PBXBuildFile; fileRef = B9F14B581EBE79540099F37D /* ViewController.swift */; };
		B9F14B5C1EBE79540099F37D /* Main.storyboard in Resources */ = {isa = PBXBuildFile; fileRef = B9F14B5A1EBE79540099F37D /* Main.storyboard */; };
		B9F14B5E1EBE79540099F37D /* Assets.xcassets in Resources */ = {isa = PBXBuildFile; fileRef = B9F14B5D1EBE79540099F37D /* Assets.xcassets */; };
		B9F14B611EBE79540099F37D /* LaunchScreen.storyboard in Resources */ = {isa = PBXBuildFile; fileRef = B9F14B5F1EBE79540099F37D /* LaunchScreen.storyboard */; };
/* End PBXBuildFile section */

/* Begin PBXFileReference section */
		0176899F1F44F96B1FF4A5D7 /* Pods_BackLoggerExample.framework */ = {isa = PBXFileReference; explicitFileType = wrapper.framework; includeInIndex = 0; path = Pods_BackLoggerExample.framework; sourceTree = BUILT_PRODUCTS_DIR; };
		651A4D6218BB96AF07113E77 /* Pods-BackLoggerExample.release.xcconfig */ = {isa = PBXFileReference; includeInIndex = 1; lastKnownFileType = text.xcconfig; name = "Pods-BackLoggerExample.release.xcconfig"; path = "Pods/Target Support Files/Pods-BackLoggerExample/Pods-BackLoggerExample.release.xcconfig"; sourceTree = "<group>"; };
		B9D0587B1EBEC1A2009D46F1 /* LogEntryGroup.swift */ = {isa = PBXFileReference; fileEncoding = 4; lastKnownFileType = sourcecode.swift; path = LogEntryGroup.swift; sourceTree = "<group>"; };
		B9F14B531EBE79540099F37D /* BackLoggerExample.app */ = {isa = PBXFileReference; explicitFileType = wrapper.application; includeInIndex = 0; path = BackLoggerExample.app; sourceTree = BUILT_PRODUCTS_DIR; };
		B9F14B561EBE79540099F37D /* AppDelegate.swift */ = {isa = PBXFileReference; lastKnownFileType = sourcecode.swift; path = AppDelegate.swift; sourceTree = "<group>"; };
		B9F14B581EBE79540099F37D /* ViewController.swift */ = {isa = PBXFileReference; lastKnownFileType = sourcecode.swift; path = ViewController.swift; sourceTree = "<group>"; };
		B9F14B5B1EBE79540099F37D /* Base */ = {isa = PBXFileReference; lastKnownFileType = file.storyboard; name = Base; path = Base.lproj/Main.storyboard; sourceTree = "<group>"; };
		B9F14B5D1EBE79540099F37D /* Assets.xcassets */ = {isa = PBXFileReference; lastKnownFileType = folder.assetcatalog; path = Assets.xcassets; sourceTree = "<group>"; };
		B9F14B601EBE79540099F37D /* Base */ = {isa = PBXFileReference; lastKnownFileType = file.storyboard; name = Base; path = Base.lproj/LaunchScreen.storyboard; sourceTree = "<group>"; };
		B9F14B621EBE79540099F37D /* Info.plist */ = {isa = PBXFileReference; lastKnownFileType = text.plist.xml; path = Info.plist; sourceTree = "<group>"; };
		B9F14B6F1EBE79770099F37D /* BackLogger.h */ = {isa = PBXFileReference; lastKnownFileType = sourcecode.c.h; path = BackLogger.h; sourceTree = "<group>"; };
		B9F14B701EBE79770099F37D /* Info.plist */ = {isa = PBXFileReference; lastKnownFileType = text.plist.xml; path = Info.plist; sourceTree = "<group>"; };
		B9F14B7A1EBE7A3A0099F37D /* ConsoleLogDriver.swift */ = {isa = PBXFileReference; fileEncoding = 4; lastKnownFileType = sourcecode.swift; path = ConsoleLogDriver.swift; sourceTree = "<group>"; };
		B9F14B7B1EBE7A3A0099F37D /* LogDriver.swift */ = {isa = PBXFileReference; fileEncoding = 4; lastKnownFileType = sourcecode.swift; path = LogDriver.swift; sourceTree = "<group>"; };
		B9F14B7C1EBE7A3A0099F37D /* LogEntry.swift */ = {isa = PBXFileReference; fileEncoding = 4; lastKnownFileType = sourcecode.swift; path = LogEntry.swift; sourceTree = "<group>"; };
		B9F14B7E1EBE7A3A0099F37D /* LogManager.swift */ = {isa = PBXFileReference; fileEncoding = 4; lastKnownFileType = sourcecode.swift; path = LogManager.swift; sourceTree = "<group>"; };
		B9F14B801EBE7A3A0099F37D /* Sequence+RemoveNils.swift */ = {isa = PBXFileReference; fileEncoding = 4; lastKnownFileType = sourcecode.swift; path = "Sequence+RemoveNils.swift"; sourceTree = "<group>"; };
		B9F14B811EBE7A3A0099F37D /* SqlLogDriver.swift */ = {isa = PBXFileReference; fileEncoding = 4; lastKnownFileType = sourcecode.swift; path = SqlLogDriver.swift; sourceTree = "<group>"; };
		B9F14BAD1EBEBFCE0099F37D /* BackLoggerUI.h */ = {isa = PBXFileReference; lastKnownFileType = sourcecode.c.h; path = BackLoggerUI.h; sourceTree = "<group>"; };
		B9F14BAE1EBEBFCE0099F37D /* Info.plist */ = {isa = PBXFileReference; lastKnownFileType = text.plist.xml; path = Info.plist; sourceTree = "<group>"; };
		B9F14BBA1EBEC0420099F37D /* BackLoggerViewController.swift */ = {isa = PBXFileReference; fileEncoding = 4; lastKnownFileType = sourcecode.swift; path = BackLoggerViewController.swift; sourceTree = "<group>"; };
		B9F14BBB1EBEC0420099F37D /* LogTypeLabel.swift */ = {isa = PBXFileReference; fileEncoding = 4; lastKnownFileType = sourcecode.swift; path = LogTypeLabel.swift; sourceTree = "<group>"; };
		B9F14BBC1EBEC0420099F37D /* TimelineBulletView.swift */ = {isa = PBXFileReference; fileEncoding = 4; lastKnownFileType = sourcecode.swift; path = TimelineBulletView.swift; sourceTree = "<group>"; };
		B9F14BBD1EBEC0420099F37D /* TimelineDatasource.swift */ = {isa = PBXFileReference; fileEncoding = 4; lastKnownFileType = sourcecode.swift; path = TimelineDatasource.swift; sourceTree = "<group>"; };
		B9F14BBE1EBEC0420099F37D /* TimelineTableViewCell.swift */ = {isa = PBXFileReference; fileEncoding = 4; lastKnownFileType = sourcecode.swift; path = TimelineTableViewCell.swift; sourceTree = "<group>"; };
		B9F14BBF1EBEC0420099F37D /* TimelineTableViewCell.xib */ = {isa = PBXFileReference; fileEncoding = 4; lastKnownFileType = file.xib; path = TimelineTableViewCell.xib; sourceTree = "<group>"; };
		B9F14BC01EBEC0420099F37D /* TimelineTableViewHeader.swift */ = {isa = PBXFileReference; fileEncoding = 4; lastKnownFileType = sourcecode.swift; path = TimelineTableViewHeader.swift; sourceTree = "<group>"; };
		B9F14BC11EBEC0420099F37D /* TimelineTableViewHeader.xib */ = {isa = PBXFileReference; fileEncoding = 4; lastKnownFileType = file.xib; path = TimelineTableViewHeader.xib; sourceTree = "<group>"; };
		B9F14BC21EBEC0420099F37D /* TimelineViewController.swift */ = {isa = PBXFileReference; fileEncoding = 4; lastKnownFileType = sourcecode.swift; path = TimelineViewController.swift; sourceTree = "<group>"; };
		B9F14BC31EBEC0420099F37D /* UIColor+Hex.swift */ = {isa = PBXFileReference; fileEncoding = 4; lastKnownFileType = sourcecode.swift; path = "UIColor+Hex.swift"; sourceTree = "<group>"; };
		C72BF86CD372CF8EFFEB0EE2 /* Pods-BackLoggerExample.debug.xcconfig */ = {isa = PBXFileReference; includeInIndex = 1; lastKnownFileType = text.xcconfig; name = "Pods-BackLoggerExample.debug.xcconfig"; path = "Pods/Target Support Files/Pods-BackLoggerExample/Pods-BackLoggerExample.debug.xcconfig"; sourceTree = "<group>"; };
		DC80D437B36F6405AF0FB2F2 /* Pods_BackLogger.framework */ = {isa = PBXFileReference; explicitFileType = wrapper.framework; includeInIndex = 0; path = Pods_BackLogger.framework; sourceTree = BUILT_PRODUCTS_DIR; };
		F58FECEA0CE9BD2AAB7373D8 /* Pods_BackLoggerUI.framework */ = {isa = PBXFileReference; explicitFileType = wrapper.framework; includeInIndex = 0; path = Pods_BackLoggerUI.framework; sourceTree = BUILT_PRODUCTS_DIR; };
/* End PBXFileReference section */

/* Begin PBXFrameworksBuildPhase section */
		B9F14B501EBE79540099F37D /* Frameworks */ = {
			isa = PBXFrameworksBuildPhase;
			buildActionMask = 2147483647;
			files = (
				3B90ED72EBC16F20C685C9D6 /* Pods_BackLoggerExample.framework in Frameworks */,
			);
			runOnlyForDeploymentPostprocessing = 0;
		};
/* End PBXFrameworksBuildPhase section */

/* Begin PBXGroup section */
		454D8FDEB2D880496A7EEDD5 /* Pods */ = {
			isa = PBXGroup;
			children = (
				C72BF86CD372CF8EFFEB0EE2 /* Pods-BackLoggerExample.debug.xcconfig */,
				651A4D6218BB96AF07113E77 /* Pods-BackLoggerExample.release.xcconfig */,
			);
			name = Pods;
			sourceTree = "<group>";
		};
		B9F14B4A1EBE79540099F37D = {
			isa = PBXGroup;
			children = (
				B9F14B551EBE79540099F37D /* BackLoggerExample */,
				B9F14B6E1EBE79770099F37D /* BackLogger */,
				B9F14BAC1EBEBFCE0099F37D /* BackLoggerUI */,
				B9F14B541EBE79540099F37D /* Products */,
				454D8FDEB2D880496A7EEDD5 /* Pods */,
				FFC232FAAA18225ED8E1A07A /* Frameworks */,
			);
			sourceTree = "<group>";
		};
		B9F14B541EBE79540099F37D /* Products */ = {
			isa = PBXGroup;
			children = (
				B9F14B531EBE79540099F37D /* BackLoggerExample.app */,
			);
			name = Products;
			sourceTree = "<group>";
		};
		B9F14B551EBE79540099F37D /* BackLoggerExample */ = {
			isa = PBXGroup;
			children = (
				B9F14B561EBE79540099F37D /* AppDelegate.swift */,
				B9F14B581EBE79540099F37D /* ViewController.swift */,
				B9F14B5A1EBE79540099F37D /* Main.storyboard */,
				B9F14B5D1EBE79540099F37D /* Assets.xcassets */,
				B9F14B5F1EBE79540099F37D /* LaunchScreen.storyboard */,
				B9F14B621EBE79540099F37D /* Info.plist */,
			);
			path = BackLoggerExample;
			sourceTree = "<group>";
		};
		B9F14B6E1EBE79770099F37D /* BackLogger */ = {
			isa = PBXGroup;
			children = (
				B9F14BA01EBE7A630099F37D /* Extensions */,
				B9F14B9F1EBE7A450099F37D /* Drivers */,
				B9F14B9E1EBE7A3E0099F37D /* Core */,
				B9F14B6F1EBE79770099F37D /* BackLogger.h */,
				B9F14B701EBE79770099F37D /* Info.plist */,
			);
			path = BackLogger;
			sourceTree = "<group>";
		};
		B9F14B9E1EBE7A3E0099F37D /* Core */ = {
			isa = PBXGroup;
			children = (
				B9F14B7C1EBE7A3A0099F37D /* LogEntry.swift */,
				B9F14B7E1EBE7A3A0099F37D /* LogManager.swift */,
			);
			name = Core;
			sourceTree = "<group>";
		};
		B9F14B9F1EBE7A450099F37D /* Drivers */ = {
			isa = PBXGroup;
			children = (
				B9F14B7B1EBE7A3A0099F37D /* LogDriver.swift */,
				B9F14B7A1EBE7A3A0099F37D /* ConsoleLogDriver.swift */,
				B9F14B811EBE7A3A0099F37D /* SqlLogDriver.swift */,
			);
			name = Drivers;
			sourceTree = "<group>";
		};
		B9F14BA01EBE7A630099F37D /* Extensions */ = {
			isa = PBXGroup;
			children = (
				B9F14B801EBE7A3A0099F37D /* Sequence+RemoveNils.swift */,
			);
			name = Extensions;
			sourceTree = "<group>";
		};
		B9F14BAC1EBEBFCE0099F37D /* BackLoggerUI */ = {
			isa = PBXGroup;
			children = (
				B9F14BCE1EBEC04E0099F37D /* Extensions */,
				B9F14BB91EBEC0050099F37D /* Views */,
				B9F14BB81EBEBFF70099F37D /* Timeline */,
				B9D0587B1EBEC1A2009D46F1 /* LogEntryGroup.swift */,
				B9F14BBA1EBEC0420099F37D /* BackLoggerViewController.swift */,
				B9F14BAD1EBEBFCE0099F37D /* BackLoggerUI.h */,
				B9F14BAE1EBEBFCE0099F37D /* Info.plist */,
			);
			path = BackLoggerUI;
			sourceTree = "<group>";
		};
		B9F14BB81EBEBFF70099F37D /* Timeline */ = {
			isa = PBXGroup;
			children = (
				B9F14BBC1EBEC0420099F37D /* TimelineBulletView.swift */,
				B9F14BBD1EBEC0420099F37D /* TimelineDatasource.swift */,
				B9F14BBE1EBEC0420099F37D /* TimelineTableViewCell.swift */,
				B9F14BBF1EBEC0420099F37D /* TimelineTableViewCell.xib */,
				B9F14BC01EBEC0420099F37D /* TimelineTableViewHeader.swift */,
				B9F14BC11EBEC0420099F37D /* TimelineTableViewHeader.xib */,
				B9F14BC21EBEC0420099F37D /* TimelineViewController.swift */,
			);
			name = Timeline;
			sourceTree = "<group>";
		};
		B9F14BB91EBEC0050099F37D /* Views */ = {
			isa = PBXGroup;
			children = (
				B9F14BBB1EBEC0420099F37D /* LogTypeLabel.swift */,
			);
			name = Views;
			sourceTree = "<group>";
		};
		B9F14BCE1EBEC04E0099F37D /* Extensions */ = {
			isa = PBXGroup;
			children = (
				B9F14BC31EBEC0420099F37D /* UIColor+Hex.swift */,
			);
			name = Extensions;
			sourceTree = "<group>";
		};
		FFC232FAAA18225ED8E1A07A /* Frameworks */ = {
			isa = PBXGroup;
			children = (
				DC80D437B36F6405AF0FB2F2 /* Pods_BackLogger.framework */,
				0176899F1F44F96B1FF4A5D7 /* Pods_BackLoggerExample.framework */,
				F58FECEA0CE9BD2AAB7373D8 /* Pods_BackLoggerUI.framework */,
			);
			name = Frameworks;
			sourceTree = "<group>";
		};
/* End PBXGroup section */

/* Begin PBXNativeTarget section */
		B9F14B521EBE79540099F37D /* BackLoggerExample */ = {
			isa = PBXNativeTarget;
			buildConfigurationList = B9F14B651EBE79540099F37D /* Build configuration list for PBXNativeTarget "BackLoggerExample" */;
			buildPhases = (
				B92B1BB050F420D303BB6C7E /* [CP] Check Pods Manifest.lock */,
				B9F14B4F1EBE79540099F37D /* Sources */,
				B9F14B501EBE79540099F37D /* Frameworks */,
				B9F14B511EBE79540099F37D /* Resources */,
				825A4D1EC76CEA4150466E02 /* [CP] Embed Pods Frameworks */,
				872315CB38A72C7B884C1138 /* [CP] Copy Pods Resources */,
			);
			buildRules = (
			);
			dependencies = (
			);
			name = BackLoggerExample;
			productName = BackLoggerExample;
			productReference = B9F14B531EBE79540099F37D /* BackLoggerExample.app */;
			productType = "com.apple.product-type.application";
		};
/* End PBXNativeTarget section */

/* Begin PBXProject section */
		B9F14B4B1EBE79540099F37D /* Project object */ = {
			isa = PBXProject;
			attributes = {
				LastSwiftUpdateCheck = 0830;
				LastUpgradeCheck = 0830;
				ORGANIZATIONNAME = com.leoneparise;
				TargetAttributes = {
					B9F14B521EBE79540099F37D = {
						CreatedOnToolsVersion = 8.3.2;
						DevelopmentTeam = QWZ3RYGB6Z;
						ProvisioningStyle = Automatic;
					};
				};
			};
			buildConfigurationList = B9F14B4E1EBE79540099F37D /* Build configuration list for PBXProject "BackLoggerExample" */;
			compatibilityVersion = "Xcode 3.2";
			developmentRegion = English;
			hasScannedForEncodings = 0;
			knownRegions = (
				en,
				Base,
			);
			mainGroup = B9F14B4A1EBE79540099F37D;
			productRefGroup = B9F14B541EBE79540099F37D /* Products */;
			projectDirPath = "";
			projectRoot = "";
			targets = (
				B9F14B521EBE79540099F37D /* BackLoggerExample */,
			);
		};
/* End PBXProject section */

/* Begin PBXResourcesBuildPhase section */
		B9F14B511EBE79540099F37D /* Resources */ = {
			isa = PBXResourcesBuildPhase;
			buildActionMask = 2147483647;
			files = (
				B9F14B611EBE79540099F37D /* LaunchScreen.storyboard in Resources */,
				B9F14B5E1EBE79540099F37D /* Assets.xcassets in Resources */,
				B9F14B5C1EBE79540099F37D /* Main.storyboard in Resources */,
			);
			runOnlyForDeploymentPostprocessing = 0;
		};
/* End PBXResourcesBuildPhase section */

/* Begin PBXShellScriptBuildPhase section */
		825A4D1EC76CEA4150466E02 /* [CP] Embed Pods Frameworks */ = {
			isa = PBXShellScriptBuildPhase;
			buildActionMask = 2147483647;
			files = (
			);
			inputPaths = (
			);
			name = "[CP] Embed Pods Frameworks";
			outputPaths = (
			);
			runOnlyForDeploymentPostprocessing = 0;
			shellPath = /bin/sh;
			shellScript = "\"${SRCROOT}/Pods/Target Support Files/Pods-BackLoggerExample/Pods-BackLoggerExample-frameworks.sh\"\n";
			showEnvVarsInLog = 0;
		};
		872315CB38A72C7B884C1138 /* [CP] Copy Pods Resources */ = {
			isa = PBXShellScriptBuildPhase;
			buildActionMask = 2147483647;
			files = (
			);
			inputPaths = (
			);
			name = "[CP] Copy Pods Resources";
			outputPaths = (
			);
			runOnlyForDeploymentPostprocessing = 0;
			shellPath = /bin/sh;
			shellScript = "\"${SRCROOT}/Pods/Target Support Files/Pods-BackLoggerExample/Pods-BackLoggerExample-resources.sh\"\n";
			showEnvVarsInLog = 0;
		};
		B92B1BB050F420D303BB6C7E /* [CP] Check Pods Manifest.lock */ = {
			isa = PBXShellScriptBuildPhase;
			buildActionMask = 2147483647;
			files = (
			);
			inputPaths = (
			);
			name = "[CP] Check Pods Manifest.lock";
			outputPaths = (
			);
			runOnlyForDeploymentPostprocessing = 0;
			shellPath = /bin/sh;
			shellScript = "diff \"${PODS_PODFILE_DIR_PATH}/Podfile.lock\" \"${PODS_ROOT}/Manifest.lock\" > /dev/null\nif [ $? != 0 ] ; then\n    # print error to STDERR\n    echo \"error: The sandbox is not in sync with the Podfile.lock. Run 'pod install' or update your CocoaPods installation.\" >&2\n    exit 1\nfi\n";
			showEnvVarsInLog = 0;
		};
/* End PBXShellScriptBuildPhase section */

/* Begin PBXSourcesBuildPhase section */
		B9F14B4F1EBE79540099F37D /* Sources */ = {
			isa = PBXSourcesBuildPhase;
			buildActionMask = 2147483647;
			files = (
				B9F14B591EBE79540099F37D /* ViewController.swift in Sources */,
				B9F14B571EBE79540099F37D /* AppDelegate.swift in Sources */,
			);
			runOnlyForDeploymentPostprocessing = 0;
		};
/* End PBXSourcesBuildPhase section */

/* Begin PBXVariantGroup section */
		B9F14B5A1EBE79540099F37D /* Main.storyboard */ = {
			isa = PBXVariantGroup;
			children = (
				B9F14B5B1EBE79540099F37D /* Base */,
			);
			name = Main.storyboard;
			sourceTree = "<group>";
		};
		B9F14B5F1EBE79540099F37D /* LaunchScreen.storyboard */ = {
			isa = PBXVariantGroup;
			children = (
				B9F14B601EBE79540099F37D /* Base */,
			);
			name = LaunchScreen.storyboard;
			sourceTree = "<group>";
		};
/* End PBXVariantGroup section */

/* Begin XCBuildConfiguration section */
		B9F14B631EBE79540099F37D /* Debug */ = {
			isa = XCBuildConfiguration;
			buildSettings = {
				ALWAYS_SEARCH_USER_PATHS = NO;
				CLANG_ANALYZER_NONNULL = YES;
				CLANG_ANALYZER_NUMBER_OBJECT_CONVERSION = YES_AGGRESSIVE;
				CLANG_CXX_LANGUAGE_STANDARD = "gnu++0x";
				CLANG_CXX_LIBRARY = "libc++";
				CLANG_ENABLE_MODULES = YES;
				CLANG_ENABLE_OBJC_ARC = YES;
				CLANG_WARN_BOOL_CONVERSION = YES;
				CLANG_WARN_CONSTANT_CONVERSION = YES;
				CLANG_WARN_DIRECT_OBJC_ISA_USAGE = YES_ERROR;
				CLANG_WARN_DOCUMENTATION_COMMENTS = YES;
				CLANG_WARN_EMPTY_BODY = YES;
				CLANG_WARN_ENUM_CONVERSION = YES;
				CLANG_WARN_INFINITE_RECURSION = YES;
				CLANG_WARN_INT_CONVERSION = YES;
				CLANG_WARN_OBJC_ROOT_CLASS = YES_ERROR;
				CLANG_WARN_SUSPICIOUS_MOVE = YES;
				CLANG_WARN_UNREACHABLE_CODE = YES;
				CLANG_WARN__DUPLICATE_METHOD_MATCH = YES;
				"CODE_SIGN_IDENTITY[sdk=iphoneos*]" = "iPhone Developer";
				COPY_PHASE_STRIP = NO;
				DEBUG_INFORMATION_FORMAT = dwarf;
				ENABLE_STRICT_OBJC_MSGSEND = YES;
				ENABLE_TESTABILITY = YES;
				GCC_C_LANGUAGE_STANDARD = gnu99;
				GCC_DYNAMIC_NO_PIC = NO;
				GCC_NO_COMMON_BLOCKS = YES;
				GCC_OPTIMIZATION_LEVEL = 0;
				GCC_PREPROCESSOR_DEFINITIONS = (
					"DEBUG=1",
					"$(inherited)",
				);
				GCC_WARN_64_TO_32_BIT_CONVERSION = YES;
				GCC_WARN_ABOUT_RETURN_TYPE = YES_ERROR;
				GCC_WARN_UNDECLARED_SELECTOR = YES;
				GCC_WARN_UNINITIALIZED_AUTOS = YES_AGGRESSIVE;
				GCC_WARN_UNUSED_FUNCTION = YES;
				GCC_WARN_UNUSED_VARIABLE = YES;
				IPHONEOS_DEPLOYMENT_TARGET = 10.3;
				MTL_ENABLE_DEBUG_INFO = YES;
				ONLY_ACTIVE_ARCH = YES;
				SDKROOT = iphoneos;
				SWIFT_ACTIVE_COMPILATION_CONDITIONS = DEBUG;
				SWIFT_OPTIMIZATION_LEVEL = "-Onone";
				TARGETED_DEVICE_FAMILY = "1,2";
			};
			name = Debug;
		};
		B9F14B641EBE79540099F37D /* Release */ = {
			isa = XCBuildConfiguration;
			buildSettings = {
				ALWAYS_SEARCH_USER_PATHS = NO;
				CLANG_ANALYZER_NONNULL = YES;
				CLANG_ANALYZER_NUMBER_OBJECT_CONVERSION = YES_AGGRESSIVE;
				CLANG_CXX_LANGUAGE_STANDARD = "gnu++0x";
				CLANG_CXX_LIBRARY = "libc++";
				CLANG_ENABLE_MODULES = YES;
				CLANG_ENABLE_OBJC_ARC = YES;
				CLANG_WARN_BOOL_CONVERSION = YES;
				CLANG_WARN_CONSTANT_CONVERSION = YES;
				CLANG_WARN_DIRECT_OBJC_ISA_USAGE = YES_ERROR;
				CLANG_WARN_DOCUMENTATION_COMMENTS = YES;
				CLANG_WARN_EMPTY_BODY = YES;
				CLANG_WARN_ENUM_CONVERSION = YES;
				CLANG_WARN_INFINITE_RECURSION = YES;
				CLANG_WARN_INT_CONVERSION = YES;
				CLANG_WARN_OBJC_ROOT_CLASS = YES_ERROR;
				CLANG_WARN_SUSPICIOUS_MOVE = YES;
				CLANG_WARN_UNREACHABLE_CODE = YES;
				CLANG_WARN__DUPLICATE_METHOD_MATCH = YES;
				"CODE_SIGN_IDENTITY[sdk=iphoneos*]" = "iPhone Developer";
				COPY_PHASE_STRIP = NO;
				DEBUG_INFORMATION_FORMAT = "dwarf-with-dsym";
				ENABLE_NS_ASSERTIONS = NO;
				ENABLE_STRICT_OBJC_MSGSEND = YES;
				GCC_C_LANGUAGE_STANDARD = gnu99;
				GCC_NO_COMMON_BLOCKS = YES;
				GCC_WARN_64_TO_32_BIT_CONVERSION = YES;
				GCC_WARN_ABOUT_RETURN_TYPE = YES_ERROR;
				GCC_WARN_UNDECLARED_SELECTOR = YES;
				GCC_WARN_UNINITIALIZED_AUTOS = YES_AGGRESSIVE;
				GCC_WARN_UNUSED_FUNCTION = YES;
				GCC_WARN_UNUSED_VARIABLE = YES;
				IPHONEOS_DEPLOYMENT_TARGET = 10.3;
				MTL_ENABLE_DEBUG_INFO = NO;
				SDKROOT = iphoneos;
				SWIFT_OPTIMIZATION_LEVEL = "-Owholemodule";
				TARGETED_DEVICE_FAMILY = "1,2";
				VALIDATE_PRODUCT = YES;
			};
			name = Release;
		};
		B9F14B661EBE79540099F37D /* Debug */ = {
			isa = XCBuildConfiguration;
			baseConfigurationReference = C72BF86CD372CF8EFFEB0EE2 /* Pods-BackLoggerExample.debug.xcconfig */;
			buildSettings = {
				ASSETCATALOG_COMPILER_APPICON_NAME = AppIcon;
				DEVELOPMENT_TEAM = QWZ3RYGB6Z;
				INFOPLIST_FILE = BackLoggerExample/Info.plist;
				LD_RUNPATH_SEARCH_PATHS = "$(inherited) @executable_path/Frameworks";
				PRODUCT_BUNDLE_IDENTIFIER = com.leoneparise.BackLoggerExample;
				PRODUCT_NAME = "$(TARGET_NAME)";
				SWIFT_VERSION = 3.0;
			};
			name = Debug;
		};
		B9F14B671EBE79540099F37D /* Release */ = {
			isa = XCBuildConfiguration;
			baseConfigurationReference = 651A4D6218BB96AF07113E77 /* Pods-BackLoggerExample.release.xcconfig */;
			buildSettings = {
				ASSETCATALOG_COMPILER_APPICON_NAME = AppIcon;
				DEVELOPMENT_TEAM = QWZ3RYGB6Z;
				INFOPLIST_FILE = BackLoggerExample/Info.plist;
				LD_RUNPATH_SEARCH_PATHS = "$(inherited) @executable_path/Frameworks";
				PRODUCT_BUNDLE_IDENTIFIER = com.leoneparise.BackLoggerExample;
				PRODUCT_NAME = "$(TARGET_NAME)";
				SWIFT_VERSION = 3.0;
			};
			name = Release;
		};
/* End XCBuildConfiguration section */

/* Begin XCConfigurationList section */
		B9F14B4E1EBE79540099F37D /* Build configuration list for PBXProject "BackLoggerExample" */ = {
			isa = XCConfigurationList;
			buildConfigurations = (
				B9F14B631EBE79540099F37D /* Debug */,
				B9F14B641EBE79540099F37D /* Release */,
			);
			defaultConfigurationIsVisible = 0;
			defaultConfigurationName = Release;
		};
		B9F14B651EBE79540099F37D /* Build configuration list for PBXNativeTarget "BackLoggerExample" */ = {
			isa = XCConfigurationList;
			buildConfigurations = (
				B9F14B661EBE79540099F37D /* Debug */,
				B9F14B671EBE79540099F37D /* Release */,
			);
			defaultConfigurationIsVisible = 0;
			defaultConfigurationName = Release;
		};
/* End XCConfigurationList section */
	};
	rootObject = B9F14B4B1EBE79540099F37D /* Project object */;
}
